
Microsoft Visual Studio Solution File, Format Version 12.00
# Visual Studio Version 16
VisualStudioVersion = 16.0.29418.71
MinimumVisualStudioVersion = 10.0.40219.1
Project("{9A19103F-16F7-4668-BE54-9A1E7A4F7556}") = "CompositionRoot", "CompositionRoot\CompositionRoot.csproj", "{A142BBE3-170C-4EE5-BAF4-25120E34677B}"
EndProject
Project("{9A19103F-16F7-4668-BE54-9A1E7A4F7556}") = "CompositionRoot.Test", "CompositionRoot.Test\CompositionRoot.Test.csproj", "{61728E32-86C9-4142-A5A8-AF0E4B50EE86}"
EndProject
Project("{2150E333-8FDC-42A3-9474-1A3956D46DE8}") = "Solution Items", "Solution Items", "{560F9951-90AD-4C89-B6E0-4593967B52F4}"
	ProjectSection(SolutionItems) = preProject
		changelog.md = changelog.md
		Directory.Build.props = Directory.Build.props
		paket.dependencies = paket.dependencies
		readme.md = readme.md
	EndProjectSection
EndProject
Global
	GlobalSection(SolutionConfigurationPlatforms) = preSolution
		Debug|Any CPU = Debug|Any CPU
		Release|Any CPU = Release|Any CPU
	EndGlobalSection
	GlobalSection(ProjectConfigurationPlatforms) = postSolution
		{A142BBE3-170C-4EE5-BAF4-25120E34677B}.Debug|Any CPU.ActiveCfg = Debug|Any CPU
		{A142BBE3-170C-4EE5-BAF4-25120E34677B}.Debug|Any CPU.Build.0 = Debug|Any CPU
		{A142BBE3-170C-4EE5-BAF4-25120E34677B}.Release|Any CPU.ActiveCfg = Release|Any CPU
		{A142BBE3-170C-4EE5-BAF4-25120E34677B}.Release|Any CPU.Build.0 = Release|Any CPU
		{61728E32-86C9-4142-A5A8-AF0E4B50EE86}.Debug|Any CPU.ActiveCfg = Debug|Any CPU
		{61728E32-86C9-4142-A5A8-AF0E4B50EE86}.Debug|Any CPU.Build.0 = Debug|Any CPU
		{61728E32-86C9-4142-A5A8-AF0E4B50EE86}.Release|Any CPU.ActiveCfg = Release|Any CPU
		{61728E32-86C9-4142-A5A8-AF0E4B50EE86}.Release|Any CPU.Build.0 = Release|Any CPU
	EndGlobalSection
	GlobalSection(SolutionProperties) = preSolution
		HideSolutionNode = FALSE
	EndGlobalSection
	GlobalSection(ExtensibilityGlobals) = postSolution
		SolutionGuid = {6E314458-A981-4125-92EE-B06F99978B42}
	EndGlobalSection
EndGlobal
